
Microsoft Visual Studio Solution File, Format Version 12.00
# Visual Studio 15
VisualStudioVersion = 15.0.26730.16
MinimumVisualStudioVersion = 10.0.40219.1
Project("{FAE04EC0-301F-11D3-BF4B-00C04F79EFBC}") = "SpecflowTests", "SpecflowTests\SpecflowTests.csproj", "{BB801FC0-2AF6-4684-AF54-63389FE7A200}"
EndProject
Global
	GlobalSection(SolutionConfigurationPlatforms) = preSolution
		Debug|Any CPU = Debug|Any CPU
		Release|Any CPU = Release|Any CPU
	EndGlobalSection
	GlobalSection(ProjectConfigurationPlatforms) = postSolution
		{BB801FC0-2AF6-4684-AF54-63389FE7A200}.Debug|Any CPU.ActiveCfg = Debug|Any CPU
		{BB801FC0-2AF6-4684-AF54-63389FE7A200}.Debug|Any CPU.Build.0 = Debug|Any CPU
		{BB801FC0-2AF6-4684-AF54-63389FE7A200}.Release|Any CPU.ActiveCfg = Release|Any CPU
		{BB801FC0-2AF6-4684-AF54-63389FE7A200}.Release|Any CPU.Build.0 = Release|Any CPU
	EndGlobalSection
	GlobalSection(SolutionProperties) = preSolution
		HideSolutionNode = FALSE
	EndGlobalSection
	GlobalSection(ExtensibilityGlobals) = postSolution
		SolutionGuid = {CC796C7D-2D54-476B-9A9E-D8D047AEB866}
	EndGlobalSection
EndGlobal
